
Microsoft Visual Studio Solution File, Format Version 12.00
# Visual Studio Version 16
VisualStudioVersion = 16.0.30114.105
MinimumVisualStudioVersion = 10.0.40219.1
Project("{8BC9CEB8-8B4A-11D0-8D11-00A0C91BC942}") = "SharkGame", "SharkGame.vcxproj", "{2240729A-F11A-48FC-A599-0FB764876FCA}"
EndProject
Global
	GlobalSection(SolutionConfigurationPlatforms) = preSolution
		Debug|x64 = Debug|x64
		Debug|x86 = Debug|x86
		Release|x64 = Release|x64
		Release|x86 = Release|x86
	EndGlobalSection
	GlobalSection(ProjectConfigurationPlatforms) = postSolution
		{2240729A-F11A-48FC-A599-0FB764876FCA}.Debug|x64.ActiveCfg = Debug|x64
		{2240729A-F11A-48FC-A599-0FB764876FCA}.Debug|x64.Build.0 = Debug|x64
		{2240729A-F11A-48FC-A599-0FB764876FCA}.Debug|x86.ActiveCfg = Debug|Win32
		{2240729A-F11A-48FC-A599-0FB764876FCA}.Debug|x86.Build.0 = Debug|Win32
		{2240729A-F11A-48FC-A599-0FB764876FCA}.Release|x64.ActiveCfg = Release|x64
		{2240729A-F11A-48FC-A599-0FB764876FCA}.Release|x64.Build.0 = Release|x64
		{2240729A-F11A-48FC-A599-0FB764876FCA}.Release|x86.ActiveCfg = Release|Win32
		{2240729A-F11A-48FC-A599-0FB764876FCA}.Release|x86.Build.0 = Release|Win32
	EndGlobalSection
	GlobalSection(SolutionProperties) = preSolution
		HideSolutionNode = FALSE
	EndGlobalSection
	GlobalSection(ExtensibilityGlobals) = postSolution
		SolutionGuid = {D02DD922-9791-4F17-9B46-B44DF807D1EB}
	EndGlobalSection
EndGlobal
