
Microsoft Visual Studio Solution File, Format Version 12.00
# Visual Studio Version 16
VisualStudioVersion = 16.0.30204.135
MinimumVisualStudioVersion = 10.0.40219.1
Project("{8BC9CEB8-8B4A-11D0-8D11-00A0C91BC942}") = "200701", "200701\200701.vcxproj", "{01BF7E53-FC75-451C-990D-D40D2A1A2ADF}"
EndProject
Project("{8BC9CEB8-8B4A-11D0-8D11-00A0C91BC942}") = "fruit", "fruit\fruit.vcxproj", "{26F7947C-433B-4E9C-8329-2611DAFB9010}"
EndProject
Project("{8BC9CEB8-8B4A-11D0-8D11-00A0C91BC942}") = "fruit02", "fruit02\fruit02.vcxproj", "{28591DED-0B30-4E95-965A-7427B7947D03}"
EndProject
Global
	GlobalSection(SolutionConfigurationPlatforms) = preSolution
		Debug|x64 = Debug|x64
		Debug|x86 = Debug|x86
		Release|x64 = Release|x64
		Release|x86 = Release|x86
	EndGlobalSection
	GlobalSection(ProjectConfigurationPlatforms) = postSolution
		{01BF7E53-FC75-451C-990D-D40D2A1A2ADF}.Debug|x64.ActiveCfg = Debug|x64
		{01BF7E53-FC75-451C-990D-D40D2A1A2ADF}.Debug|x64.Build.0 = Debug|x64
		{01BF7E53-FC75-451C-990D-D40D2A1A2ADF}.Debug|x86.ActiveCfg = Debug|Win32
		{01BF7E53-FC75-451C-990D-D40D2A1A2ADF}.Debug|x86.Build.0 = Debug|Win32
		{01BF7E53-FC75-451C-990D-D40D2A1A2ADF}.Release|x64.ActiveCfg = Release|x64
		{01BF7E53-FC75-451C-990D-D40D2A1A2ADF}.Release|x64.Build.0 = Release|x64
		{01BF7E53-FC75-451C-990D-D40D2A1A2ADF}.Release|x86.ActiveCfg = Release|Win32
		{01BF7E53-FC75-451C-990D-D40D2A1A2ADF}.Release|x86.Build.0 = Release|Win32
		{26F7947C-433B-4E9C-8329-2611DAFB9010}.Debug|x64.ActiveCfg = Debug|x64
		{26F7947C-433B-4E9C-8329-2611DAFB9010}.Debug|x64.Build.0 = Debug|x64
		{26F7947C-433B-4E9C-8329-2611DAFB9010}.Debug|x86.ActiveCfg = Debug|Win32
		{26F7947C-433B-4E9C-8329-2611DAFB9010}.Debug|x86.Build.0 = Debug|Win32
		{26F7947C-433B-4E9C-8329-2611DAFB9010}.Release|x64.ActiveCfg = Release|x64
		{26F7947C-433B-4E9C-8329-2611DAFB9010}.Release|x64.Build.0 = Release|x64
		{26F7947C-433B-4E9C-8329-2611DAFB9010}.Release|x86.ActiveCfg = Release|Win32
		{26F7947C-433B-4E9C-8329-2611DAFB9010}.Release|x86.Build.0 = Release|Win32
		{28591DED-0B30-4E95-965A-7427B7947D03}.Debug|x64.ActiveCfg = Debug|x64
		{28591DED-0B30-4E95-965A-7427B7947D03}.Debug|x64.Build.0 = Debug|x64
		{28591DED-0B30-4E95-965A-7427B7947D03}.Debug|x86.ActiveCfg = Debug|Win32
		{28591DED-0B30-4E95-965A-7427B7947D03}.Debug|x86.Build.0 = Debug|Win32
		{28591DED-0B30-4E95-965A-7427B7947D03}.Release|x64.ActiveCfg = Release|x64
		{28591DED-0B30-4E95-965A-7427B7947D03}.Release|x64.Build.0 = Release|x64
		{28591DED-0B30-4E95-965A-7427B7947D03}.Release|x86.ActiveCfg = Release|Win32
		{28591DED-0B30-4E95-965A-7427B7947D03}.Release|x86.Build.0 = Release|Win32
	EndGlobalSection
	GlobalSection(SolutionProperties) = preSolution
		HideSolutionNode = FALSE
	EndGlobalSection
	GlobalSection(ExtensibilityGlobals) = postSolution
		SolutionGuid = {5068B7CF-2F1F-4A0B-AFE1-6CF51413E3A9}
	EndGlobalSection
EndGlobal
